<?xml version="1.0" encoding="utf-8"?>
<Project ToolsVersion="4.0" xmlns="http://schemas.microsoft.com/developer/msbuild/2003">
  <ItemGroup>
    <Filter Include="Source Files">
      <UniqueIdentifier>{4FC737F1-C7A5-4376-A066-2A32D752A2FF}</UniqueIdentifier>
      <Extensions>cpp;c;cc;cxx;def;odl;idl;hpj;bat;asm;asmx</Extensions>
    </Filter>
    <Filter Include="Header Files">
      <UniqueIdentifier>{93995380-89BD-4b04-88EB-625FBE52EBFB}</UniqueIdentifier>
      <Extensions>h;hh;hpp;hxx;hm;inl;inc;xsd</Extensions>
    </Filter>
    <Filter Include="Resource Files">
      <UniqueIdentifier>{67DA6AB6-F800-4c08-8B7A-83BB121AAD01}</UniqueIdentifier>
      <Extensions>rc;ico;cur;bmp;dlg;rc2;rct;bin;rgs;gif;jpg;jpeg;jpe;resx;tiff;tif;png;wav;mfcribbon-ms</Extensions>
    </Filter>
  </ItemGroup>
  <ItemGroup>
    <ClCompile Include="tier1.cpp">
      <Filter>Source Files</Filter>
    </ClCompile>
    <ClCompile Include="bitbuf.cpp">
      <Filter>Source Files</Filter>
    </ClCompile>
    <ClCompile Include="byteswap.cpp">
      <Filter>Source Files</Filter>
    </ClCompile>
    <ClCompile Include="characterset.cpp">
      <Filter>Source Files</Filter>
    </ClCompile>
    <ClCompile Include="checksum_crc.cpp">
      <Filter>Source Files</Filter>
    </ClCompile>
    <ClCompile Include="checksum_md5.cpp">
      <Filter>Source Files</Filter>
    </ClCompile>
    <ClCompile Include="checksum_sha1.cpp">
      <Filter>Source Files</Filter>
    </ClCompile>
    <ClCompile Include="commandbuffer.cpp">
      <Filter>Source Files</Filter>
    </ClCompile>
    <ClCompile Include="convar.cpp">
      <Filter>Source Files</Filter>
    </ClCompile>
    <ClCompile Include="datamanager.cpp">
      <Filter>Source Files</Filter>
    </ClCompile>
    <ClCompile Include="diff.cpp">
      <Filter>Source Files</Filter>
    </ClCompile>
    <ClCompile Include="fileio.cpp">
      <Filter>Source Files</Filter>
    </ClCompile>
    <ClCompile Include="generichash.cpp">
      <Filter>Source Files</Filter>
    </ClCompile>
    <ClCompile Include="ilocalize.cpp">
      <Filter>Source Files</Filter>
    </ClCompile>
    <ClCompile Include="interface.cpp">
      <Filter>Source Files</Filter>
    </ClCompile>
    <ClCompile Include="KeyValues.cpp">
      <Filter>Source Files</Filter>
    </ClCompile>
    <ClCompile Include="kvpacker.cpp">
      <Filter>Source Files</Filter>
    </ClCompile>
    <ClCompile Include="lzmaDecoder.cpp">
      <Filter>Source Files</Filter>
    </ClCompile>
    <ClCompile Include="mempool.cpp">
      <Filter>Source Files</Filter>
    </ClCompile>
    <ClCompile Include="memstack.cpp">
      <Filter>Source Files</Filter>
    </ClCompile>
    <ClCompile Include="NetAdr.cpp">
      <Filter>Source Files</Filter>
    </ClCompile>
    <ClCompile Include="newbitbuf.cpp">
      <Filter>Source Files</Filter>
    </ClCompile>
    <ClCompile Include="pathmatch.cpp">
      <Filter>Source Files</Filter>
    </ClCompile>
    <ClCompile Include="processor_detect.cpp">
      <Filter>Source Files</Filter>
    </ClCompile>
    <ClCompile Include="qsort_s.cpp">
      <Filter>Source Files</Filter>
    </ClCompile>
    <ClCompile Include="rangecheckedvar.cpp">
      <Filter>Source Files</Filter>
    </ClCompile>
    <ClCompile Include="reliabletimer.cpp">
      <Filter>Source Files</Filter>
    </ClCompile>
    <ClCompile Include="snappy.cpp">
      <Filter>Source Files</Filter>
    </ClCompile>
    <ClCompile Include="snappy-sinksource.cpp">
      <Filter>Source Files</Filter>
    </ClCompile>
    <ClCompile Include="snappy-stubs-internal.cpp">
      <Filter>Source Files</Filter>
    </ClCompile>
    <ClCompile Include="sparsematrix.cpp">
      <Filter>Source Files</Filter>
    </ClCompile>
    <ClCompile Include="splitstring.cpp">
      <Filter>Source Files</Filter>
    </ClCompile>
    <ClCompile Include="stringpool.cpp">
      <Filter>Source Files</Filter>
    </ClCompile>
    <ClCompile Include="strtools.cpp">
      <Filter>Source Files</Filter>
    </ClCompile>
    <ClCompile Include="strtools_unicode.cpp">
      <Filter>Source Files</Filter>
    </ClCompile>
    <ClCompile Include="tokenreader.cpp">
      <Filter>Source Files</Filter>
    </ClCompile>
    <ClCompile Include="undiff.cpp">
      <Filter>Source Files</Filter>
    </ClCompile>
    <ClCompile Include="uniqueid.cpp">
      <Filter>Source Files</Filter>
    </ClCompile>
    <ClCompile Include="utlbinaryblock.cpp">
      <Filter>Source Files</Filter>
    </ClCompile>
    <ClCompile Include="utlbuffer.cpp">
      <Filter>Source Files</Filter>
    </ClCompile>
    <ClCompile Include="utlbufferutil.cpp">
      <Filter>Source Files</Filter>
    </ClCompile>
    <ClCompile Include="utlstring.cpp">
      <Filter>Source Files</Filter>
    </ClCompile>
    <ClCompile Include="utlsymbol.cpp">
      <Filter>Source Files</Filter>
    </ClCompile>
  </ItemGroup>
  <ItemGroup>
    <ClInclude Include="pathmatch_casefolding.h">
      <Filter>Header Files</Filter>
    </ClInclude>
    <ClInclude Include="snappy-internal.h">
      <Filter>Header Files</Filter>
    </ClInclude>
    <ClInclude Include="snappy-stubs-internal.h">
      <Filter>Header Files</Filter>
    </ClInclude>
  </ItemGroup>
  <ItemGroup>
    <MASM Include="cpuid.asm">
      <Filter>Source Files</Filter>
    </MASM>
  </ItemGroup>
</Project>