
Microsoft Visual Studio Solution File, Format Version 12.00
# Visual Studio 2013
VisualStudioVersion = 12.0.40629.0
MinimumVisualStudioVersion = 10.0.40219.1
Project("{8BC9CEB8-8B4A-11D0-8D11-00A0C91BC942}") = "tier1", "tier1\tier1.vcxproj", "{03D46084-5349-43F6-B233-9CFF191B0CE0}"
EndProject
Project("{8BC9CEB8-8B4A-11D0-8D11-00A0C91BC942}") = "mathlib", "mathlib\mathlib.vcxproj", "{8B8B7962-9D35-4CDC-890E-ACCE3B4ADC6E}"
EndProject
Project("{8BC9CEB8-8B4A-11D0-8D11-00A0C91BC942}") = "raytrace", "raytrace\raytrace.vcxproj", "{11415D16-55D1-4D9D-B8F2-3D5BFF780E6B}"
EndProject
Global
	GlobalSection(SolutionConfigurationPlatforms) = preSolution
		Debug|Mixed Platforms = Debug|Mixed Platforms
		Debug|Win32 = Debug|Win32
		Debug|x64 = Debug|x64
		Release|Mixed Platforms = Release|Mixed Platforms
		Release|Win32 = Release|Win32
		Release|x64 = Release|x64
	EndGlobalSection
	GlobalSection(ProjectConfigurationPlatforms) = postSolution
		{03D46084-5349-43F6-B233-9CFF191B0CE0}.Debug|Mixed Platforms.ActiveCfg = Debug|Win32
		{03D46084-5349-43F6-B233-9CFF191B0CE0}.Debug|Mixed Platforms.Build.0 = Debug|Win32
		{03D46084-5349-43F6-B233-9CFF191B0CE0}.Debug|Win32.ActiveCfg = Debug|Win32
		{03D46084-5349-43F6-B233-9CFF191B0CE0}.Debug|Win32.Build.0 = Debug|Win32
		{03D46084-5349-43F6-B233-9CFF191B0CE0}.Debug|x64.ActiveCfg = Debug|x64
		{03D46084-5349-43F6-B233-9CFF191B0CE0}.Debug|x64.Build.0 = Debug|x64
		{03D46084-5349-43F6-B233-9CFF191B0CE0}.Release|Mixed Platforms.ActiveCfg = Release|x64
		{03D46084-5349-43F6-B233-9CFF191B0CE0}.Release|Mixed Platforms.Build.0 = Release|x64
		{03D46084-5349-43F6-B233-9CFF191B0CE0}.Release|Win32.ActiveCfg = Release|Win32
		{03D46084-5349-43F6-B233-9CFF191B0CE0}.Release|Win32.Build.0 = Release|Win32
		{03D46084-5349-43F6-B233-9CFF191B0CE0}.Release|x64.ActiveCfg = Release|x64
		{03D46084-5349-43F6-B233-9CFF191B0CE0}.Release|x64.Build.0 = Release|x64
		{8B8B7962-9D35-4CDC-890E-ACCE3B4ADC6E}.Debug|Mixed Platforms.ActiveCfg = Debug|Win32
		{8B8B7962-9D35-4CDC-890E-ACCE3B4ADC6E}.Debug|Mixed Platforms.Build.0 = Debug|Win32
		{8B8B7962-9D35-4CDC-890E-ACCE3B4ADC6E}.Debug|Win32.ActiveCfg = Debug|Win32
		{8B8B7962-9D35-4CDC-890E-ACCE3B4ADC6E}.Debug|Win32.Build.0 = Debug|Win32
		{8B8B7962-9D35-4CDC-890E-ACCE3B4ADC6E}.Debug|x64.ActiveCfg = Debug|Win32
		{8B8B7962-9D35-4CDC-890E-ACCE3B4ADC6E}.Release|Mixed Platforms.ActiveCfg = Release|x64
		{8B8B7962-9D35-4CDC-890E-ACCE3B4ADC6E}.Release|Mixed Platforms.Build.0 = Release|x64
		{8B8B7962-9D35-4CDC-890E-ACCE3B4ADC6E}.Release|Win32.ActiveCfg = Release|Win32
		{8B8B7962-9D35-4CDC-890E-ACCE3B4ADC6E}.Release|Win32.Build.0 = Release|Win32
		{8B8B7962-9D35-4CDC-890E-ACCE3B4ADC6E}.Release|x64.ActiveCfg = Release|x64
		{8B8B7962-9D35-4CDC-890E-ACCE3B4ADC6E}.Release|x64.Build.0 = Release|x64
		{11415D16-55D1-4D9D-B8F2-3D5BFF780E6B}.Debug|Mixed Platforms.ActiveCfg = Debug|Win32
		{11415D16-55D1-4D9D-B8F2-3D5BFF780E6B}.Debug|Mixed Platforms.Build.0 = Debug|Win32
		{11415D16-55D1-4D9D-B8F2-3D5BFF780E6B}.Debug|Win32.ActiveCfg = Debug|Win32
		{11415D16-55D1-4D9D-B8F2-3D5BFF780E6B}.Debug|Win32.Build.0 = Debug|Win32
		{11415D16-55D1-4D9D-B8F2-3D5BFF780E6B}.Debug|x64.ActiveCfg = Debug|Win32
		{11415D16-55D1-4D9D-B8F2-3D5BFF780E6B}.Release|Mixed Platforms.ActiveCfg = Release|Win32
		{11415D16-55D1-4D9D-B8F2-3D5BFF780E6B}.Release|Mixed Platforms.Build.0 = Release|Win32
		{11415D16-55D1-4D9D-B8F2-3D5BFF780E6B}.Release|Win32.ActiveCfg = Release|Win32
		{11415D16-55D1-4D9D-B8F2-3D5BFF780E6B}.Release|Win32.Build.0 = Release|Win32
		{11415D16-55D1-4D9D-B8F2-3D5BFF780E6B}.Release|x64.ActiveCfg = Release|x64
		{11415D16-55D1-4D9D-B8F2-3D5BFF780E6B}.Release|x64.Build.0 = Release|x64
	EndGlobalSection
	GlobalSection(SolutionProperties) = preSolution
		HideSolutionNode = FALSE
	EndGlobalSection
EndGlobal
